
Microsoft Visual Studio Solution File, Format Version 12.00
# Visual Studio Version 17
VisualStudioVersion = 17.4.33205.214
MinimumVisualStudioVersion = 10.0.40219.1
Project("{9A19103F-16F7-4668-BE54-9A1E7A4F7556}") = "BOs", "BOs\BOs.csproj", "{A5563D95-9E5F-4D94-B320-A9C9750BD11D}"
EndProject
Project("{9A19103F-16F7-4668-BE54-9A1E7A4F7556}") = "DAOs", "DAOs\DAOs.csproj", "{A498683B-9958-44C1-A8DA-B0B6CD593C3F}"
EndProject
Project("{9A19103F-16F7-4668-BE54-9A1E7A4F7556}") = "REPOs", "REPOs\REPOs.csproj", "{4D299F90-FF29-4876-B82A-7C31E1311113}"
EndProject
Project("{9A19103F-16F7-4668-BE54-9A1E7A4F7556}") = "OldCarShowroomNetworkRazorPage", "OldCarShowroomNetworkRazorPage\OldCarShowroomNetworkRazorPage.csproj", "{ABBEE751-B559-40CB-989F-CBC54F64072A}"
EndProject
Global
	GlobalSection(SolutionConfigurationPlatforms) = preSolution
		Debug|Any CPU = Debug|Any CPU
		Release|Any CPU = Release|Any CPU
	EndGlobalSection
	GlobalSection(ProjectConfigurationPlatforms) = postSolution
		{A5563D95-9E5F-4D94-B320-A9C9750BD11D}.Debug|Any CPU.ActiveCfg = Debug|Any CPU
		{A5563D95-9E5F-4D94-B320-A9C9750BD11D}.Debug|Any CPU.Build.0 = Debug|Any CPU
		{A5563D95-9E5F-4D94-B320-A9C9750BD11D}.Release|Any CPU.ActiveCfg = Release|Any CPU
		{A5563D95-9E5F-4D94-B320-A9C9750BD11D}.Release|Any CPU.Build.0 = Release|Any CPU
		{A498683B-9958-44C1-A8DA-B0B6CD593C3F}.Debug|Any CPU.ActiveCfg = Debug|Any CPU
		{A498683B-9958-44C1-A8DA-B0B6CD593C3F}.Debug|Any CPU.Build.0 = Debug|Any CPU
		{A498683B-9958-44C1-A8DA-B0B6CD593C3F}.Release|Any CPU.ActiveCfg = Release|Any CPU
		{A498683B-9958-44C1-A8DA-B0B6CD593C3F}.Release|Any CPU.Build.0 = Release|Any CPU
		{4D299F90-FF29-4876-B82A-7C31E1311113}.Debug|Any CPU.ActiveCfg = Debug|Any CPU
		{4D299F90-FF29-4876-B82A-7C31E1311113}.Debug|Any CPU.Build.0 = Debug|Any CPU
		{4D299F90-FF29-4876-B82A-7C31E1311113}.Release|Any CPU.ActiveCfg = Release|Any CPU
		{4D299F90-FF29-4876-B82A-7C31E1311113}.Release|Any CPU.Build.0 = Release|Any CPU
		{ABBEE751-B559-40CB-989F-CBC54F64072A}.Debug|Any CPU.ActiveCfg = Debug|Any CPU
		{ABBEE751-B559-40CB-989F-CBC54F64072A}.Debug|Any CPU.Build.0 = Debug|Any CPU
		{ABBEE751-B559-40CB-989F-CBC54F64072A}.Release|Any CPU.ActiveCfg = Release|Any CPU
		{ABBEE751-B559-40CB-989F-CBC54F64072A}.Release|Any CPU.Build.0 = Release|Any CPU
	EndGlobalSection
	GlobalSection(SolutionProperties) = preSolution
		HideSolutionNode = FALSE
	EndGlobalSection
	GlobalSection(ExtensibilityGlobals) = postSolution
		SolutionGuid = {334CBC81-515D-42EE-9E2D-A626159EB128}
	EndGlobalSection
EndGlobal
